{
  "name": "zettacard",
  "version": "1.0.0",
  "lockfileVersion": 3,
  "requires": true,
  "packages": {
    "": {
      "name": "zettacard",
      "version": "1.0.0",
      "dependencies": {
        "jose": "^6.2.8"
      }
    },
    "node_modules/jose": {
      "version": "6.2.8",
      "resolved": "https://registry.npmjs.org/jose/-/jose-6.2.8.tgz",
      "integrity": "sha512-Bsdjwm3Qsd/P0jR+BHDe3LytDfY7WBq2HmCCLIwuVRHMuEC9ae7/R474GIUdF1NgCyZjzVo/A9DOiOBtXq8ZoQ==",
      "license": "MIT",
      "funding": {
        "url": "https://github.com/sponsors/panva"
      }
    }
  }
}
